# This file is automatically @generated by Cargo.
# It is not intended for manual editing.
version = 4

[[package]]
name = "fooname"
version = "0.0.0"
dependencies = [
 "lib",
 "workspace-hack",
]

[[package]]
name = "lib"
version = "0.0.0"
dependencies = [
 "workspace-hack",
]

[[package]]
name = "workspace-hack"
version = "0.1.0"
